// !$*UTF8*$!
{
	archiveVersion = 1;
	classes = {
	};
	objectVersion = 50;
	objects = {

/* Begin PBXBuildFile section */
		6B38EB5A23207EFD0002E32F /* main.cpp in Sources */ = {isa = PBXBuildFile; fileRef = 6B38EB5923207EFD0002E32F /* main.cpp */; };
		6B38EB652320832A0002E32F /* Problem.cpp in Sources */ = {isa = PBXBuildFile; fileRef = 6B38EB632320832A0002E32F /* Problem.cpp */; };
		6B38EB69232084D10002E32F /* toolkit.cpp in Sources */ = {isa = PBXBuildFile; fileRef = 6B38EB67232084D10002E32F /* toolkit.cpp */; };
		6B38EB7223208F200002E32F /* ZigZag.cpp in Sources */ = {isa = PBXBuildFile; fileRef = 6B38EB7123208F200002E32F /* ZigZag.cpp */; };
/* End PBXBuildFile section */

/* Begin PBXCopyFilesBuildPhase section */
		6B38EB5423207EFD0002E32F /* CopyFiles */ = {
			isa = PBXCopyFilesBuildPhase;
			buildActionMask = 2147483647;
			dstPath = /usr/share/man/man1/;
			dstSubfolderSpec = 0;
			files = (
			);
			runOnlyForDeploymentPostprocessing = 1;
		};
/* End PBXCopyFilesBuildPhase section */

/* Begin PBXFileReference section */
		6B38EB5623207EFD0002E32F /* CodingQuestions */ = {isa = PBXFileReference; explicitFileType = "compiled.mach-o.executable"; includeInIndex = 0; path = CodingQuestions; sourceTree = BUILT_PRODUCTS_DIR; };
		6B38EB5923207EFD0002E32F /* main.cpp */ = {isa = PBXFileReference; lastKnownFileType = sourcecode.cpp.cpp; path = main.cpp; sourceTree = "<group>"; };
		6B38EB632320832A0002E32F /* Problem.cpp */ = {isa = PBXFileReference; lastKnownFileType = sourcecode.cpp.cpp; path = Problem.cpp; sourceTree = "<group>"; };
		6B38EB642320832A0002E32F /* Problem.h */ = {isa = PBXFileReference; explicitFileType = sourcecode.cpp.h; path = Problem.h; sourceTree = "<group>"; };
		6B38EB66232084B30002E32F /* LeetCode */ = {isa = PBXFileReference; lastKnownFileType = folder; path = LeetCode; sourceTree = "<group>"; };
		6B38EB67232084D10002E32F /* toolkit.cpp */ = {isa = PBXFileReference; fileEncoding = 4; lastKnownFileType = sourcecode.cpp.cpp; path = toolkit.cpp; sourceTree = "<group>"; };
		6B38EB68232084D10002E32F /* toolkit.h */ = {isa = PBXFileReference; fileEncoding = 4; lastKnownFileType = sourcecode.c.h; path = toolkit.h; sourceTree = "<group>"; };
		6B38EB7023208F200002E32F /* ZigZag.h */ = {isa = PBXFileReference; lastKnownFileType = sourcecode.c.h; path = ZigZag.h; sourceTree = "<group>"; };
		6B38EB7123208F200002E32F /* ZigZag.cpp */ = {isa = PBXFileReference; lastKnownFileType = sourcecode.cpp.cpp; path = ZigZag.cpp; sourceTree = "<group>"; };
/* End PBXFileReference section */

/* Begin PBXFrameworksBuildPhase section */
		6B38EB5323207EFD0002E32F /* Frameworks */ = {
			isa = PBXFrameworksBuildPhase;
			buildActionMask = 2147483647;
			files = (
			);
			runOnlyForDeploymentPostprocessing = 0;
		};
/* End PBXFrameworksBuildPhase section */

/* Begin PBXGroup section */
		6B38EB4D23207EFD0002E32F = {
			isa = PBXGroup;
			children = (
				6B38EB5823207EFD0002E32F /* CodingQuestions */,
				6B38EB5723207EFD0002E32F /* Products */,
			);
			sourceTree = "<group>";
		};
		6B38EB5723207EFD0002E32F /* Products */ = {
			isa = PBXGroup;
			children = (
				6B38EB5623207EFD0002E32F /* CodingQuestions */,
			);
			name = Products;
			sourceTree = "<group>";
		};
		6B38EB5823207EFD0002E32F /* CodingQuestions */ = {
			isa = PBXGroup;
			children = (
				6B38EB5923207EFD0002E32F /* main.cpp */,
				6B38EB68232084D10002E32F /* toolkit.h */,
				6B38EB67232084D10002E32F /* toolkit.cpp */,
				6B38EB642320832A0002E32F /* Problem.h */,
				6B38EB632320832A0002E32F /* Problem.cpp */,
				6B38EB7123208F200002E32F /* ZigZag.cpp */,
				6B38EB7023208F200002E32F /* ZigZag.h */,
				6B38EB66232084B30002E32F /* LeetCode */,
			);
			path = CodingQuestions;
			sourceTree = "<group>";
		};
/* End PBXGroup section */

/* Begin PBXNativeTarget section */
		6B38EB5523207EFD0002E32F /* CodingQuestions */ = {
			isa = PBXNativeTarget;
			buildConfigurationList = 6B38EB5D23207EFD0002E32F /* Build configuration list for PBXNativeTarget "CodingQuestions" */;
			buildPhases = (
				6B38EB5223207EFD0002E32F /* Sources */,
				6B38EB5323207EFD0002E32F /* Frameworks */,
				6B38EB5423207EFD0002E32F /* CopyFiles */,
			);
			buildRules = (
			);
			dependencies = (
			);
			name = CodingQuestions;
			productName = CodingQuestions;
			productReference = 6B38EB5623207EFD0002E32F /* CodingQuestions */;
			productType = "com.apple.product-type.tool";
		};
/* End PBXNativeTarget section */

/* Begin PBXProject section */
		6B38EB4E23207EFD0002E32F /* Project object */ = {
			isa = PBXProject;
			attributes = {
				LastUpgradeCheck = 1030;
				ORGANIZATIONNAME = "Nicholas Han";
				TargetAttributes = {
					6B38EB5523207EFD0002E32F = {
						CreatedOnToolsVersion = 10.3;
					};
				};
			};
			buildConfigurationList = 6B38EB5123207EFD0002E32F /* Build configuration list for PBXProject "CodingQuestions" */;
			compatibilityVersion = "Xcode 9.3";
			developmentRegion = en;
			hasScannedForEncodings = 0;
			knownRegions = (
				en,
			);
			mainGroup = 6B38EB4D23207EFD0002E32F;
			productRefGroup = 6B38EB5723207EFD0002E32F /* Products */;
			projectDirPath = "";
			projectRoot = "";
			targets = (
				6B38EB5523207EFD0002E32F /* CodingQuestions */,
			);
		};
/* End PBXProject section */

/* Begin PBXSourcesBuildPhase section */
		6B38EB5223207EFD0002E32F /* Sources */ = {
			isa = PBXSourcesBuildPhase;
			buildActionMask = 2147483647;
			files = (
				6B38EB5A23207EFD0002E32F /* main.cpp in Sources */,
				6B38EB69232084D10002E32F /* toolkit.cpp in Sources */,
				6B38EB652320832A0002E32F /* Problem.cpp in Sources */,
				6B38EB7223208F200002E32F /* ZigZag.cpp in Sources */,
			);
			runOnlyForDeploymentPostprocessing = 0;
		};
/* End PBXSourcesBuildPhase section */

/* Begin XCBuildConfiguration section */
		6B38EB5B23207EFD0002E32F /* Debug */ = {
			isa = XCBuildConfiguration;
			buildSettings = {
				ALWAYS_SEARCH_USER_PATHS = NO;
				CLANG_ANALYZER_NONNULL = YES;
				CLANG_ANALYZER_NUMBER_OBJECT_CONVERSION = YES_AGGRESSIVE;
				CLANG_CXX_LANGUAGE_STANDARD = "gnu++14";
				CLANG_CXX_LIBRARY = "libc++";
				CLANG_ENABLE_MODULES = YES;
				CLANG_ENABLE_OBJC_ARC = YES;
				CLANG_ENABLE_OBJC_WEAK = YES;
				CLANG_WARN_BLOCK_CAPTURE_AUTORELEASING = YES;
				CLANG_WARN_BOOL_CONVERSION = YES;
				CLANG_WARN_COMMA = YES;
				CLANG_WARN_CONSTANT_CONVERSION = YES;
				CLANG_WARN_DEPRECATED_OBJC_IMPLEMENTATIONS = YES;
				CLANG_WARN_DIRECT_OBJC_ISA_USAGE = YES_ERROR;
				CLANG_WARN_DOCUMENTATION_COMMENTS = YES;
				CLANG_WARN_EMPTY_BODY = YES;
				CLANG_WARN_ENUM_CONVERSION = YES;
				CLANG_WARN_INFINITE_RECURSION = YES;
				CLANG_WARN_INT_CONVERSION = YES;
				CLANG_WARN_NON_LITERAL_NULL_CONVERSION = YES;
				CLANG_WARN_OBJC_IMPLICIT_RETAIN_SELF = YES;
				CLANG_WARN_OBJC_LITERAL_CONVERSION = YES;
				CLANG_WARN_OBJC_ROOT_CLASS = YES_ERROR;
				CLANG_WARN_RANGE_LOOP_ANALYSIS = YES;
				CLANG_WARN_STRICT_PROTOTYPES = YES;
				CLANG_WARN_SUSPICIOUS_MOVE = YES;
				CLANG_WARN_UNGUARDED_AVAILABILITY = YES_AGGRESSIVE;
				CLANG_WARN_UNREACHABLE_CODE = YES;
				CLANG_WARN__DUPLICATE_METHOD_MATCH = YES;
				CODE_SIGN_IDENTITY = "-";
				COPY_PHASE_STRIP = NO;
				DEBUG_INFORMATION_FORMAT = dwarf;
				ENABLE_STRICT_OBJC_MSGSEND = YES;
				ENABLE_TESTABILITY = YES;
				GCC_C_LANGUAGE_STANDARD = gnu11;
				GCC_DYNAMIC_NO_PIC = NO;
				GCC_NO_COMMON_BLOCKS = YES;
				GCC_OPTIMIZATION_LEVEL = 0;
				GCC_PREPROCESSOR_DEFINITIONS = (
					"DEBUG=1",
					"$(inherited)",
				);
				GCC_WARN_64_TO_32_BIT_CONVERSION = YES;
				GCC_WARN_ABOUT_RETURN_TYPE = YES_ERROR;
				GCC_WARN_UNDECLARED_SELECTOR = YES;
				GCC_WARN_UNINITIALIZED_AUTOS = YES_AGGRESSIVE;
				GCC_WARN_UNUSED_FUNCTION = YES;
				GCC_WARN_UNUSED_VARIABLE = YES;
				MACOSX_DEPLOYMENT_TARGET = 10.14;
				MTL_ENABLE_DEBUG_INFO = INCLUDE_SOURCE;
				MTL_FAST_MATH = YES;
				ONLY_ACTIVE_ARCH = YES;
				SDKROOT = macosx;
			};
			name = Debug;
		};
		6B38EB5C23207EFD0002E32F /* Release */ = {
			isa = XCBuildConfiguration;
			buildSettings = {
				ALWAYS_SEARCH_USER_PATHS = NO;
				CLANG_ANALYZER_NONNULL = YES;
				CLANG_ANALYZER_NUMBER_OBJECT_CONVERSION = YES_AGGRESSIVE;
				CLANG_CXX_LANGUAGE_STANDARD = "gnu++14";
				CLANG_CXX_LIBRARY = "libc++";
				CLANG_ENABLE_MODULES = YES;
				CLANG_ENABLE_OBJC_ARC = YES;
				CLANG_ENABLE_OBJC_WEAK = YES;
				CLANG_WARN_BLOCK_CAPTURE_AUTORELEASING = YES;
				CLANG_WARN_BOOL_CONVERSION = YES;
				CLANG_WARN_COMMA = YES;
				CLANG_WARN_CONSTANT_CONVERSION = YES;
				CLANG_WARN_DEPRECATED_OBJC_IMPLEMENTATIONS = YES;
				CLANG_WARN_DIRECT_OBJC_ISA_USAGE = YES_ERROR;
				CLANG_WARN_DOCUMENTATION_COMMENTS = YES;
				CLANG_WARN_EMPTY_BODY = YES;
				CLANG_WARN_ENUM_CONVERSION = YES;
				CLANG_WARN_INFINITE_RECURSION = YES;
				CLANG_WARN_INT_CONVERSION = YES;
				CLANG_WARN_NON_LITERAL_NULL_CONVERSION = YES;
				CLANG_WARN_OBJC_IMPLICIT_RETAIN_SELF = YES;
				CLANG_WARN_OBJC_LITERAL_CONVERSION = YES;
				CLANG_WARN_OBJC_ROOT_CLASS = YES_ERROR;
				CLANG_WARN_RANGE_LOOP_ANALYSIS = YES;
				CLANG_WARN_STRICT_PROTOTYPES = YES;
				CLANG_WARN_SUSPICIOUS_MOVE = YES;
				CLANG_WARN_UNGUARDED_AVAILABILITY = YES_AGGRESSIVE;
				CLANG_WARN_UNREACHABLE_CODE = YES;
				CLANG_WARN__DUPLICATE_METHOD_MATCH = YES;
				CODE_SIGN_IDENTITY = "-";
				COPY_PHASE_STRIP = NO;
				DEBUG_INFORMATION_FORMAT = "dwarf-with-dsym";
				ENABLE_NS_ASSERTIONS = NO;
				ENABLE_STRICT_OBJC_MSGSEND = YES;
				GCC_C_LANGUAGE_STANDARD = gnu11;
				GCC_NO_COMMON_BLOCKS = YES;
				GCC_WARN_64_TO_32_BIT_CONVERSION = YES;
				GCC_WARN_ABOUT_RETURN_TYPE = YES_ERROR;
				GCC_WARN_UNDECLARED_SELECTOR = YES;
				GCC_WARN_UNINITIALIZED_AUTOS = YES_AGGRESSIVE;
				GCC_WARN_UNUSED_FUNCTION = YES;
				GCC_WARN_UNUSED_VARIABLE = YES;
				MACOSX_DEPLOYMENT_TARGET = 10.14;
				MTL_ENABLE_DEBUG_INFO = NO;
				MTL_FAST_MATH = YES;
				SDKROOT = macosx;
			};
			name = Release;
		};
		6B38EB5E23207EFD0002E32F /* Debug */ = {
			isa = XCBuildConfiguration;
			buildSettings = {
				CODE_SIGN_STYLE = Automatic;
				PRODUCT_NAME = "$(TARGET_NAME)";
			};
			name = Debug;
		};
		6B38EB5F23207EFD0002E32F /* Release */ = {
			isa = XCBuildConfiguration;
			buildSettings = {
				CODE_SIGN_STYLE = Automatic;
				PRODUCT_NAME = "$(TARGET_NAME)";
			};
			name = Release;
		};
/* End XCBuildConfiguration section */

/* Begin XCConfigurationList section */
		6B38EB5123207EFD0002E32F /* Build configuration list for PBXProject "CodingQuestions" */ = {
			isa = XCConfigurationList;
			buildConfigurations = (
				6B38EB5B23207EFD0002E32F /* Debug */,
				6B38EB5C23207EFD0002E32F /* Release */,
			);
			defaultConfigurationIsVisible = 0;
			defaultConfigurationName = Release;
		};
		6B38EB5D23207EFD0002E32F /* Build configuration list for PBXNativeTarget "CodingQuestions" */ = {
			isa = XCConfigurationList;
			buildConfigurations = (
				6B38EB5E23207EFD0002E32F /* Debug */,
				6B38EB5F23207EFD0002E32F /* Release */,
			);
			defaultConfigurationIsVisible = 0;
			defaultConfigurationName = Release;
		};
/* End XCConfigurationList section */
	};
	rootObject = 6B38EB4E23207EFD0002E32F /* Project object */;
}
